
Microsoft Visual Studio Solution File, Format Version 12.00
# Visual Studio Version 17
VisualStudioVersion = 17.0.31903.59
MinimumVisualStudioVersion = 10.0.40219.1
Project("{FAE04EC0-301F-11D3-BF4B-00C04F79EFBC}") = "SenseNet.AI.SemanticKernel", "SenseNet.AI.SemanticKernel\SenseNet.AI.SemanticKernel.csproj", "{9E512451-6530-4582-B1C8-7B99D59DE05D}"
EndProject
Project("{FAE04EC0-301F-11D3-BF4B-00C04F79EFBC}") = "SenseNet.AI.CLI", "SenseNet.AI.CLI\SenseNet.AI.CLI.csproj", "{CA633CC5-BB9E-44F6-A764-3791E5308AD3}"
EndProject
Project("{FAE04EC0-301F-11D3-BF4B-00C04F79EFBC}") = "SenseNet.AI.Abstractions", "SenseNet.AI.Abstractions\SenseNet.AI.Abstractions.csproj", "{C2947564-F304-4BC1-9B42-B3B1DEB0EFA1}"
EndProject
Global
	GlobalSection(SolutionConfigurationPlatforms) = preSolution
		Debug|Any CPU = Debug|Any CPU
		Release|Any CPU = Release|Any CPU
	EndGlobalSection
	GlobalSection(SolutionProperties) = preSolution
		HideSolutionNode = FALSE
	EndGlobalSection
	GlobalSection(ProjectConfigurationPlatforms) = postSolution
		{9E512451-6530-4582-B1C8-7B99D59DE05D}.Debug|Any CPU.ActiveCfg = Debug|Any CPU
		{9E512451-6530-4582-B1C8-7B99D59DE05D}.Debug|Any CPU.Build.0 = Debug|Any CPU
		{9E512451-6530-4582-B1C8-7B99D59DE05D}.Release|Any CPU.ActiveCfg = Release|Any CPU
		{9E512451-6530-4582-B1C8-7B99D59DE05D}.Release|Any CPU.Build.0 = Release|Any CPU
		{CA633CC5-BB9E-44F6-A764-3791E5308AD3}.Debug|Any CPU.ActiveCfg = Debug|Any CPU
		{CA633CC5-BB9E-44F6-A764-3791E5308AD3}.Debug|Any CPU.Build.0 = Debug|Any CPU
		{CA633CC5-BB9E-44F6-A764-3791E5308AD3}.Release|Any CPU.ActiveCfg = Release|Any CPU
		{CA633CC5-BB9E-44F6-A764-3791E5308AD3}.Release|Any CPU.Build.0 = Release|Any CPU
		{C2947564-F304-4BC1-9B42-B3B1DEB0EFA1}.Debug|Any CPU.ActiveCfg = Debug|Any CPU
		{C2947564-F304-4BC1-9B42-B3B1DEB0EFA1}.Debug|Any CPU.Build.0 = Debug|Any CPU
		{C2947564-F304-4BC1-9B42-B3B1DEB0EFA1}.Release|Any CPU.ActiveCfg = Release|Any CPU
		{C2947564-F304-4BC1-9B42-B3B1DEB0EFA1}.Release|Any CPU.Build.0 = Release|Any CPU
	EndGlobalSection
EndGlobal
